
Microsoft Visual Studio Solution File, Format Version 12.00
# Visual Studio Version 16
VisualStudioVersion = 16.0.33214.272
MinimumVisualStudioVersion = 10.0.40219.1
Project("{FAE04EC0-301F-11D3-BF4B-00C04F79EFBC}") = "WindowsFormsApp2", "WindowsFormsApp2\WindowsFormsApp2.csproj", "{0FE7DB81-F2EF-4B06-8140-0DE3F12999FA}"
EndProject
Global
	GlobalSection(SolutionConfigurationPlatforms) = preSolution
		Debug|Any CPU = Debug|Any CPU
		Release|Any CPU = Release|Any CPU
	EndGlobalSection
	GlobalSection(ProjectConfigurationPlatforms) = postSolution
		{0FE7DB81-F2EF-4B06-8140-0DE3F12999FA}.Debug|Any CPU.ActiveCfg = Debug|Any CPU
		{0FE7DB81-F2EF-4B06-8140-0DE3F12999FA}.Debug|Any CPU.Build.0 = Debug|Any CPU
		{0FE7DB81-F2EF-4B06-8140-0DE3F12999FA}.Release|Any CPU.ActiveCfg = Release|Any CPU
		{0FE7DB81-F2EF-4B06-8140-0DE3F12999FA}.Release|Any CPU.Build.0 = Release|Any CPU
	EndGlobalSection
	GlobalSection(SolutionProperties) = preSolution
		HideSolutionNode = FALSE
	EndGlobalSection
	GlobalSection(ExtensibilityGlobals) = postSolution
		SolutionGuid = {BF37F74C-B184-43A2-8EC2-D8B3D99F546E}
	EndGlobalSection
EndGlobal
